// !$*UTF8*$!
{
	archiveVersion = 1;
	classes = {
	};
	objectVersion = 46;
	objects = {

/* Begin PBXBuildFile section */
		2222E337DC65B3F9DBCC43B1 /* Pods_DemoApplication.framework in Frameworks */ = {isa = PBXBuildFile; fileRef = D90F5A35832A0AF29E060149 /* Pods_DemoApplication.framework */; };
		4584F4061F49DB550025CFDD /* AppDelegate.swift in Sources */ = {isa = PBXBuildFile; fileRef = 4584F4051F49DB550025CFDD /* AppDelegate.swift */; };
		4584F4081F49DB550025CFDD /* ViewController.swift in Sources */ = {isa = PBXBuildFile; fileRef = 4584F4071F49DB550025CFDD /* ViewController.swift */; };
		4584F40B1F49DB550025CFDD /* Main.storyboard in Resources */ = {isa = PBXBuildFile; fileRef = 4584F4091F49DB550025CFDD /* Main.storyboard */; };
		4584F40D1F49DB550025CFDD /* Assets.xcassets in Resources */ = {isa = PBXBuildFile; fileRef = 4584F40C1F49DB550025CFDD /* Assets.xcassets */; };
		4584F4101F49DB550025CFDD /* LaunchScreen.storyboard in Resources */ = {isa = PBXBuildFile; fileRef = 4584F40E1F49DB550025CFDD /* LaunchScreen.storyboard */; };
		4584F41B1F49DD640025CFDD /* Movie.swift in Sources */ = {isa = PBXBuildFile; fileRef = 4584F41A1F49DD640025CFDD /* Movie.swift */; };
		4584F41D1F49DD6B0025CFDD /* Actor.swift in Sources */ = {isa = PBXBuildFile; fileRef = 4584F41C1F49DD6B0025CFDD /* Actor.swift */; };
		4584F4231F49EF5B0025CFDD /* MovieService.swift in Sources */ = {isa = PBXBuildFile; fileRef = 4584F4221F49EF5B0025CFDD /* MovieService.swift */; };
		4584F4281F4A42DD0025CFDD /* ApiMovie.swift in Sources */ = {isa = PBXBuildFile; fileRef = 4584F4271F4A42DD0025CFDD /* ApiMovie.swift */; };
		4584F42A1F4A442E0025CFDD /* ApiActor.swift in Sources */ = {isa = PBXBuildFile; fileRef = 4584F4291F4A442E0025CFDD /* ApiActor.swift */; };
		4584F42C1F4A47400025CFDD /* ApiEnvironment.swift in Sources */ = {isa = PBXBuildFile; fileRef = 4584F42B1F4A47400025CFDD /* ApiEnvironment.swift */; };
		4584F42E1F4A47AC0025CFDD /* ApiRoute.swift in Sources */ = {isa = PBXBuildFile; fileRef = 4584F42D1F4A47AC0025CFDD /* ApiRoute.swift */; };
		4584F4311F4A4E280025CFDD /* ApiContext.swift in Sources */ = {isa = PBXBuildFile; fileRef = 4584F4301F4A4E280025CFDD /* ApiContext.swift */; };
		4584F4331F4A4E400025CFDD /* NonPersistentApiContext.swift in Sources */ = {isa = PBXBuildFile; fileRef = 4584F4321F4A4E400025CFDD /* NonPersistentApiContext.swift */; };
		45BE53A41F4C2013007E40D3 /* AlamofireService.swift in Sources */ = {isa = PBXBuildFile; fileRef = 45BE53A31F4C2013007E40D3 /* AlamofireService.swift */; };
		45BE53A61F4C2115007E40D3 /* AlamofireMovieService.swift in Sources */ = {isa = PBXBuildFile; fileRef = 45BE53A51F4C2115007E40D3 /* AlamofireMovieService.swift */; };
		45BE53A91F4C5206007E40D3 /* DateTransform_Custom.swift in Sources */ = {isa = PBXBuildFile; fileRef = 45BE53A81F4C5206007E40D3 /* DateTransform_Custom.swift */; };
		45BE53AE1F4C5816007E40D3 /* RealmMovie.swift in Sources */ = {isa = PBXBuildFile; fileRef = 45BE53AD1F4C5816007E40D3 /* RealmMovie.swift */; };
		45BE53B01F4C581D007E40D3 /* RealmActor.swift in Sources */ = {isa = PBXBuildFile; fileRef = 45BE53AF1F4C581D007E40D3 /* RealmActor.swift */; };
		45BE53B21F4C5C83007E40D3 /* RealmMovieService.swift in Sources */ = {isa = PBXBuildFile; fileRef = 45BE53B11F4C5C83007E40D3 /* RealmMovieService.swift */; };
		45BE53B41F4CCBEB007E40D3 /* AuthService.swift in Sources */ = {isa = PBXBuildFile; fileRef = 45BE53B31F4CCBEB007E40D3 /* AuthService.swift */; };
		45BE53B61F4CCCDE007E40D3 /* AlamofireAuthService.swift in Sources */ = {isa = PBXBuildFile; fileRef = 45BE53B51F4CCCDE007E40D3 /* AlamofireAuthService.swift */; };
		45BE53B81F4CD3BF007E40D3 /* ApiRequestRetrier.swift in Sources */ = {isa = PBXBuildFile; fileRef = 45BE53B71F4CD3BF007E40D3 /* ApiRequestRetrier.swift */; };
		45BE53BA1F4CE5FF007E40D3 /* ApiRequestAdapter.swift in Sources */ = {isa = PBXBuildFile; fileRef = 45BE53B91F4CE5FF007E40D3 /* ApiRequestAdapter.swift */; };
		45BE53BE1F4CEB6D007E40D3 /* IoC.swift in Sources */ = {isa = PBXBuildFile; fileRef = 45BE53BC1F4CEB6D007E40D3 /* IoC.swift */; };
		45BE53BF1F4CEB6D007E40D3 /* IoCContainer.swift in Sources */ = {isa = PBXBuildFile; fileRef = 45BE53BD1F4CEB6D007E40D3 /* IoCContainer.swift */; };
		45BE53C11F4CEB8B007E40D3 /* DipContainer.swift in Sources */ = {isa = PBXBuildFile; fileRef = 45BE53C01F4CEB8B007E40D3 /* DipContainer.swift */; };
		45BE53C31F4CEBE0007E40D3 /* DependencyManager.swift in Sources */ = {isa = PBXBuildFile; fileRef = 45BE53C21F4CEBE0007E40D3 /* DependencyManager.swift */; };
/* End PBXBuildFile section */

/* Begin PBXFileReference section */
		4584F4021F49DB550025CFDD /* DemoApplication.app */ = {isa = PBXFileReference; explicitFileType = wrapper.application; includeInIndex = 0; path = DemoApplication.app; sourceTree = BUILT_PRODUCTS_DIR; };
		4584F4051F49DB550025CFDD /* AppDelegate.swift */ = {isa = PBXFileReference; lastKnownFileType = sourcecode.swift; path = AppDelegate.swift; sourceTree = "<group>"; };
		4584F4071F49DB550025CFDD /* ViewController.swift */ = {isa = PBXFileReference; lastKnownFileType = sourcecode.swift; path = ViewController.swift; sourceTree = "<group>"; };
		4584F40A1F49DB550025CFDD /* Base */ = {isa = PBXFileReference; lastKnownFileType = file.storyboard; name = Base; path = Base.lproj/Main.storyboard; sourceTree = "<group>"; };
		4584F40C1F49DB550025CFDD /* Assets.xcassets */ = {isa = PBXFileReference; lastKnownFileType = folder.assetcatalog; path = Assets.xcassets; sourceTree = "<group>"; };
		4584F40F1F49DB550025CFDD /* Base */ = {isa = PBXFileReference; lastKnownFileType = file.storyboard; name = Base; path = Base.lproj/LaunchScreen.storyboard; sourceTree = "<group>"; };
		4584F4111F49DB550025CFDD /* Info.plist */ = {isa = PBXFileReference; lastKnownFileType = text.plist.xml; path = Info.plist; sourceTree = "<group>"; };
		4584F41A1F49DD640025CFDD /* Movie.swift */ = {isa = PBXFileReference; fileEncoding = 4; lastKnownFileType = sourcecode.swift; path = Movie.swift; sourceTree = "<group>"; };
		4584F41C1F49DD6B0025CFDD /* Actor.swift */ = {isa = PBXFileReference; fileEncoding = 4; lastKnownFileType = sourcecode.swift; path = Actor.swift; sourceTree = "<group>"; };
		4584F4221F49EF5B0025CFDD /* MovieService.swift */ = {isa = PBXFileReference; fileEncoding = 4; lastKnownFileType = sourcecode.swift; path = MovieService.swift; sourceTree = "<group>"; };
		4584F4271F4A42DD0025CFDD /* ApiMovie.swift */ = {isa = PBXFileReference; fileEncoding = 4; lastKnownFileType = sourcecode.swift; path = ApiMovie.swift; sourceTree = "<group>"; };
		4584F4291F4A442E0025CFDD /* ApiActor.swift */ = {isa = PBXFileReference; fileEncoding = 4; lastKnownFileType = sourcecode.swift; path = ApiActor.swift; sourceTree = "<group>"; };
		4584F42B1F4A47400025CFDD /* ApiEnvironment.swift */ = {isa = PBXFileReference; fileEncoding = 4; lastKnownFileType = sourcecode.swift; path = ApiEnvironment.swift; sourceTree = "<group>"; };
		4584F42D1F4A47AC0025CFDD /* ApiRoute.swift */ = {isa = PBXFileReference; fileEncoding = 4; lastKnownFileType = sourcecode.swift; path = ApiRoute.swift; sourceTree = "<group>"; };
		4584F4301F4A4E280025CFDD /* ApiContext.swift */ = {isa = PBXFileReference; fileEncoding = 4; lastKnownFileType = sourcecode.swift; path = ApiContext.swift; sourceTree = "<group>"; };
		4584F4321F4A4E400025CFDD /* NonPersistentApiContext.swift */ = {isa = PBXFileReference; fileEncoding = 4; lastKnownFileType = sourcecode.swift; path = NonPersistentApiContext.swift; sourceTree = "<group>"; };
		45BE53A31F4C2013007E40D3 /* AlamofireService.swift */ = {isa = PBXFileReference; fileEncoding = 4; lastKnownFileType = sourcecode.swift; path = AlamofireService.swift; sourceTree = "<group>"; };
		45BE53A51F4C2115007E40D3 /* AlamofireMovieService.swift */ = {isa = PBXFileReference; fileEncoding = 4; lastKnownFileType = sourcecode.swift; path = AlamofireMovieService.swift; sourceTree = "<group>"; };
		45BE53A81F4C5206007E40D3 /* DateTransform_Custom.swift */ = {isa = PBXFileReference; fileEncoding = 4; lastKnownFileType = sourcecode.swift; path = DateTransform_Custom.swift; sourceTree = "<group>"; };
		45BE53AD1F4C5816007E40D3 /* RealmMovie.swift */ = {isa = PBXFileReference; fileEncoding = 4; lastKnownFileType = sourcecode.swift; path = RealmMovie.swift; sourceTree = "<group>"; };
		45BE53AF1F4C581D007E40D3 /* RealmActor.swift */ = {isa = PBXFileReference; fileEncoding = 4; lastKnownFileType = sourcecode.swift; path = RealmActor.swift; sourceTree = "<group>"; };
		45BE53B11F4C5C83007E40D3 /* RealmMovieService.swift */ = {isa = PBXFileReference; fileEncoding = 4; lastKnownFileType = sourcecode.swift; path = RealmMovieService.swift; sourceTree = "<group>"; };
		45BE53B31F4CCBEB007E40D3 /* AuthService.swift */ = {isa = PBXFileReference; fileEncoding = 4; lastKnownFileType = sourcecode.swift; path = AuthService.swift; sourceTree = "<group>"; };
		45BE53B51F4CCCDE007E40D3 /* AlamofireAuthService.swift */ = {isa = PBXFileReference; fileEncoding = 4; lastKnownFileType = sourcecode.swift; path = AlamofireAuthService.swift; sourceTree = "<group>"; };
		45BE53B71F4CD3BF007E40D3 /* ApiRequestRetrier.swift */ = {isa = PBXFileReference; fileEncoding = 4; lastKnownFileType = sourcecode.swift; path = ApiRequestRetrier.swift; sourceTree = "<group>"; };
		45BE53B91F4CE5FF007E40D3 /* ApiRequestAdapter.swift */ = {isa = PBXFileReference; fileEncoding = 4; lastKnownFileType = sourcecode.swift; path = ApiRequestAdapter.swift; sourceTree = "<group>"; };
		45BE53BC1F4CEB6D007E40D3 /* IoC.swift */ = {isa = PBXFileReference; fileEncoding = 4; lastKnownFileType = sourcecode.swift; path = IoC.swift; sourceTree = "<group>"; };
		45BE53BD1F4CEB6D007E40D3 /* IoCContainer.swift */ = {isa = PBXFileReference; fileEncoding = 4; lastKnownFileType = sourcecode.swift; path = IoCContainer.swift; sourceTree = "<group>"; };
		45BE53C01F4CEB8B007E40D3 /* DipContainer.swift */ = {isa = PBXFileReference; fileEncoding = 4; lastKnownFileType = sourcecode.swift; path = DipContainer.swift; sourceTree = "<group>"; };
		45BE53C21F4CEBE0007E40D3 /* DependencyManager.swift */ = {isa = PBXFileReference; fileEncoding = 4; lastKnownFileType = sourcecode.swift; path = DependencyManager.swift; sourceTree = "<group>"; };
		51EF595D5BB65F11C3D871A7 /* Pods-DemoApplication.debug.xcconfig */ = {isa = PBXFileReference; includeInIndex = 1; lastKnownFileType = text.xcconfig; name = "Pods-DemoApplication.debug.xcconfig"; path = "Pods/Target Support Files/Pods-DemoApplication/Pods-DemoApplication.debug.xcconfig"; sourceTree = "<group>"; };
		D90F5A35832A0AF29E060149 /* Pods_DemoApplication.framework */ = {isa = PBXFileReference; explicitFileType = wrapper.framework; includeInIndex = 0; path = Pods_DemoApplication.framework; sourceTree = BUILT_PRODUCTS_DIR; };
		E0F2D478E61277B095511B24 /* Pods-DemoApplication.release.xcconfig */ = {isa = PBXFileReference; includeInIndex = 1; lastKnownFileType = text.xcconfig; name = "Pods-DemoApplication.release.xcconfig"; path = "Pods/Target Support Files/Pods-DemoApplication/Pods-DemoApplication.release.xcconfig"; sourceTree = "<group>"; };
/* End PBXFileReference section */

/* Begin PBXFrameworksBuildPhase section */
		4584F3FF1F49DB550025CFDD /* Frameworks */ = {
			isa = PBXFrameworksBuildPhase;
			buildActionMask = 2147483647;
			files = (
				2222E337DC65B3F9DBCC43B1 /* Pods_DemoApplication.framework in Frameworks */,
			);
			runOnlyForDeploymentPostprocessing = 0;
		};
/* End PBXFrameworksBuildPhase section */

/* Begin PBXGroup section */
		4584F3F91F49DB550025CFDD = {
			isa = PBXGroup;
			children = (
				4584F4041F49DB550025CFDD /* DemoApplication */,
				4584F4031F49DB550025CFDD /* Products */,
				5FE0026A56DDBC1E16FECDEF /* Pods */,
				7EE8FAECFBFD6FCE39183BED /* Frameworks */,
			);
			sourceTree = "<group>";
		};
		4584F4031F49DB550025CFDD /* Products */ = {
			isa = PBXGroup;
			children = (
				4584F4021F49DB550025CFDD /* DemoApplication.app */,
			);
			name = Products;
			sourceTree = "<group>";
		};
		4584F4041F49DB550025CFDD /* DemoApplication */ = {
			isa = PBXGroup;
			children = (
				4584F4241F4A42D20025CFDD /* Api */,
				4584F4051F49DB550025CFDD /* AppDelegate.swift */,
				4584F40C1F49DB550025CFDD /* Assets.xcassets */,
				4584F4171F49DD460025CFDD /* Domain */,
				4584F4111F49DB550025CFDD /* Info.plist */,
				45BE53BB1F4CEB6D007E40D3 /* IoC */,
				4584F40E1F49DB550025CFDD /* LaunchScreen.storyboard */,
				4584F4091F49DB550025CFDD /* Main.storyboard */,
				45BE53AA1F4C5803007E40D3 /* Realm */,
				4584F4071F49DB550025CFDD /* ViewController.swift */,
			);
			path = DemoApplication;
			sourceTree = "<group>";
		};
		4584F4171F49DD460025CFDD /* Domain */ = {
			isa = PBXGroup;
			children = (
				4584F4181F49DD460025CFDD /* Model */,
				4584F4191F49DD460025CFDD /* Services */,
			);
			path = Domain;
			sourceTree = "<group>";
		};
		4584F4181F49DD460025CFDD /* Model */ = {
			isa = PBXGroup;
			children = (
				4584F41A1F49DD640025CFDD /* Movie.swift */,
				4584F41C1F49DD6B0025CFDD /* Actor.swift */,
			);
			path = Model;
			sourceTree = "<group>";
		};
		4584F4191F49DD460025CFDD /* Services */ = {
			isa = PBXGroup;
			children = (
				4584F4221F49EF5B0025CFDD /* MovieService.swift */,
				45BE53B31F4CCBEB007E40D3 /* AuthService.swift */,
			);
			path = Services;
			sourceTree = "<group>";
		};
		4584F4241F4A42D20025CFDD /* Api */ = {
			isa = PBXGroup;
			children = (
				45BE53A71F4C51FD007E40D3 /* Extensions */,
				4584F42F1F4A4E1A0025CFDD /* Context */,
				4584F4251F4A42D20025CFDD /* Model */,
				4584F4261F4A42D20025CFDD /* Services */,
				4584F42B1F4A47400025CFDD /* ApiEnvironment.swift */,
				4584F42D1F4A47AC0025CFDD /* ApiRoute.swift */,
				45BE53B71F4CD3BF007E40D3 /* ApiRequestRetrier.swift */,
				45BE53B91F4CE5FF007E40D3 /* ApiRequestAdapter.swift */,
			);
			path = Api;
			sourceTree = "<group>";
		};
		4584F4251F4A42D20025CFDD /* Model */ = {
			isa = PBXGroup;
			children = (
				4584F4291F4A442E0025CFDD /* ApiActor.swift */,
				4584F4271F4A42DD0025CFDD /* ApiMovie.swift */,
			);
			path = Model;
			sourceTree = "<group>";
		};
		4584F4261F4A42D20025CFDD /* Services */ = {
			isa = PBXGroup;
			children = (
				45BE53B51F4CCCDE007E40D3 /* AlamofireAuthService.swift */,
				45BE53A51F4C2115007E40D3 /* AlamofireMovieService.swift */,
				45BE53A31F4C2013007E40D3 /* AlamofireService.swift */,
			);
			path = Services;
			sourceTree = "<group>";
		};
		4584F42F1F4A4E1A0025CFDD /* Context */ = {
			isa = PBXGroup;
			children = (
				4584F4301F4A4E280025CFDD /* ApiContext.swift */,
				4584F4321F4A4E400025CFDD /* NonPersistentApiContext.swift */,
			);
			path = Context;
			sourceTree = "<group>";
		};
		45BE53A71F4C51FD007E40D3 /* Extensions */ = {
			isa = PBXGroup;
			children = (
				45BE53A81F4C5206007E40D3 /* DateTransform_Custom.swift */,
			);
			path = Extensions;
			sourceTree = "<group>";
		};
		45BE53AA1F4C5803007E40D3 /* Realm */ = {
			isa = PBXGroup;
			children = (
				45BE53AB1F4C5803007E40D3 /* Model */,
				45BE53AC1F4C5803007E40D3 /* Services */,
			);
			path = Realm;
			sourceTree = "<group>";
		};
		45BE53AB1F4C5803007E40D3 /* Model */ = {
			isa = PBXGroup;
			children = (
				45BE53AF1F4C581D007E40D3 /* RealmActor.swift */,
				45BE53AD1F4C5816007E40D3 /* RealmMovie.swift */,
			);
			path = Model;
			sourceTree = "<group>";
		};
		45BE53AC1F4C5803007E40D3 /* Services */ = {
			isa = PBXGroup;
			children = (
				45BE53B11F4C5C83007E40D3 /* RealmMovieService.swift */,
			);
			path = Services;
			sourceTree = "<group>";
		};
		45BE53BB1F4CEB6D007E40D3 /* IoC */ = {
			isa = PBXGroup;
			children = (
				45BE53C21F4CEBE0007E40D3 /* DependencyManager.swift */,
				45BE53C01F4CEB8B007E40D3 /* DipContainer.swift */,
				45BE53BC1F4CEB6D007E40D3 /* IoC.swift */,
				45BE53BD1F4CEB6D007E40D3 /* IoCContainer.swift */,
			);
			path = IoC;
			sourceTree = "<group>";
		};
		5FE0026A56DDBC1E16FECDEF /* Pods */ = {
			isa = PBXGroup;
			children = (
				51EF595D5BB65F11C3D871A7 /* Pods-DemoApplication.debug.xcconfig */,
				E0F2D478E61277B095511B24 /* Pods-DemoApplication.release.xcconfig */,
			);
			name = Pods;
			sourceTree = "<group>";
		};
		7EE8FAECFBFD6FCE39183BED /* Frameworks */ = {
			isa = PBXGroup;
			children = (
				D90F5A35832A0AF29E060149 /* Pods_DemoApplication.framework */,
			);
			name = Frameworks;
			sourceTree = "<group>";
		};
/* End PBXGroup section */

/* Begin PBXNativeTarget section */
		4584F4011F49DB550025CFDD /* DemoApplication */ = {
			isa = PBXNativeTarget;
			buildConfigurationList = 4584F4141F49DB550025CFDD /* Build configuration list for PBXNativeTarget "DemoApplication" */;
			buildPhases = (
				539E161AFFD88E4D5DE85021 /* [CP] Check Pods Manifest.lock */,
				4584F3FE1F49DB550025CFDD /* Sources */,
				4584F3FF1F49DB550025CFDD /* Frameworks */,
				4584F4001F49DB550025CFDD /* Resources */,
				A4FA2A863A6AB8D2A114459B /* [CP] Embed Pods Frameworks */,
				1B44CA64F4F913F41D716F1C /* [CP] Copy Pods Resources */,
			);
			buildRules = (
			);
			dependencies = (
			);
			name = DemoApplication;
			productName = DemoApplication;
			productReference = 4584F4021F49DB550025CFDD /* DemoApplication.app */;
			productType = "com.apple.product-type.application";
		};
/* End PBXNativeTarget section */

/* Begin PBXProject section */
		4584F3FA1F49DB550025CFDD /* Project object */ = {
			isa = PBXProject;
			attributes = {
				LastSwiftUpdateCheck = 0830;
				LastUpgradeCheck = 0830;
				ORGANIZATIONNAME = "Daniel Saidi";
				TargetAttributes = {
					4584F4011F49DB550025CFDD = {
						CreatedOnToolsVersion = 8.3.2;
						ProvisioningStyle = Manual;
					};
				};
			};
			buildConfigurationList = 4584F3FD1F49DB550025CFDD /* Build configuration list for PBXProject "DemoApplication" */;
			compatibilityVersion = "Xcode 3.2";
			developmentRegion = English;
			hasScannedForEncodings = 0;
			knownRegions = (
				en,
				Base,
			);
			mainGroup = 4584F3F91F49DB550025CFDD;
			productRefGroup = 4584F4031F49DB550025CFDD /* Products */;
			projectDirPath = "";
			projectRoot = "";
			targets = (
				4584F4011F49DB550025CFDD /* DemoApplication */,
			);
		};
/* End PBXProject section */

/* Begin PBXResourcesBuildPhase section */
		4584F4001F49DB550025CFDD /* Resources */ = {
			isa = PBXResourcesBuildPhase;
			buildActionMask = 2147483647;
			files = (
				4584F4101F49DB550025CFDD /* LaunchScreen.storyboard in Resources */,
				4584F40D1F49DB550025CFDD /* Assets.xcassets in Resources */,
				4584F40B1F49DB550025CFDD /* Main.storyboard in Resources */,
			);
			runOnlyForDeploymentPostprocessing = 0;
		};
/* End PBXResourcesBuildPhase section */

/* Begin PBXShellScriptBuildPhase section */
		1B44CA64F4F913F41D716F1C /* [CP] Copy Pods Resources */ = {
			isa = PBXShellScriptBuildPhase;
			buildActionMask = 2147483647;
			files = (
			);
			inputPaths = (
			);
			name = "[CP] Copy Pods Resources";
			outputPaths = (
			);
			runOnlyForDeploymentPostprocessing = 0;
			shellPath = /bin/sh;
			shellScript = "\"${SRCROOT}/Pods/Target Support Files/Pods-DemoApplication/Pods-DemoApplication-resources.sh\"\n";
			showEnvVarsInLog = 0;
		};
		539E161AFFD88E4D5DE85021 /* [CP] Check Pods Manifest.lock */ = {
			isa = PBXShellScriptBuildPhase;
			buildActionMask = 2147483647;
			files = (
			);
			inputPaths = (
			);
			name = "[CP] Check Pods Manifest.lock";
			outputPaths = (
			);
			runOnlyForDeploymentPostprocessing = 0;
			shellPath = /bin/sh;
			shellScript = "diff \"${PODS_PODFILE_DIR_PATH}/Podfile.lock\" \"${PODS_ROOT}/Manifest.lock\" > /dev/null\nif [ $? != 0 ] ; then\n    # print error to STDERR\n    echo \"error: The sandbox is not in sync with the Podfile.lock. Run 'pod install' or update your CocoaPods installation.\" >&2\n    exit 1\nfi\n";
			showEnvVarsInLog = 0;
		};
		A4FA2A863A6AB8D2A114459B /* [CP] Embed Pods Frameworks */ = {
			isa = PBXShellScriptBuildPhase;
			buildActionMask = 2147483647;
			files = (
			);
			inputPaths = (
			);
			name = "[CP] Embed Pods Frameworks";
			outputPaths = (
			);
			runOnlyForDeploymentPostprocessing = 0;
			shellPath = /bin/sh;
			shellScript = "\"${SRCROOT}/Pods/Target Support Files/Pods-DemoApplication/Pods-DemoApplication-frameworks.sh\"\n";
			showEnvVarsInLog = 0;
		};
/* End PBXShellScriptBuildPhase section */

/* Begin PBXSourcesBuildPhase section */
		4584F3FE1F49DB550025CFDD /* Sources */ = {
			isa = PBXSourcesBuildPhase;
			buildActionMask = 2147483647;
			files = (
				4584F4231F49EF5B0025CFDD /* MovieService.swift in Sources */,
				45BE53A91F4C5206007E40D3 /* DateTransform_Custom.swift in Sources */,
				45BE53C31F4CEBE0007E40D3 /* DependencyManager.swift in Sources */,
				45BE53BF1F4CEB6D007E40D3 /* IoCContainer.swift in Sources */,
				45BE53B81F4CD3BF007E40D3 /* ApiRequestRetrier.swift in Sources */,
				4584F4081F49DB550025CFDD /* ViewController.swift in Sources */,
				45BE53C11F4CEB8B007E40D3 /* DipContainer.swift in Sources */,
				45BE53B41F4CCBEB007E40D3 /* AuthService.swift in Sources */,
				45BE53BA1F4CE5FF007E40D3 /* ApiRequestAdapter.swift in Sources */,
				45BE53B21F4C5C83007E40D3 /* RealmMovieService.swift in Sources */,
				4584F4061F49DB550025CFDD /* AppDelegate.swift in Sources */,
				4584F4311F4A4E280025CFDD /* ApiContext.swift in Sources */,
				45BE53BE1F4CEB6D007E40D3 /* IoC.swift in Sources */,
				45BE53B01F4C581D007E40D3 /* RealmActor.swift in Sources */,
				45BE53AE1F4C5816007E40D3 /* RealmMovie.swift in Sources */,
				4584F42E1F4A47AC0025CFDD /* ApiRoute.swift in Sources */,
				45BE53A41F4C2013007E40D3 /* AlamofireService.swift in Sources */,
				45BE53B61F4CCCDE007E40D3 /* AlamofireAuthService.swift in Sources */,
				4584F42A1F4A442E0025CFDD /* ApiActor.swift in Sources */,
				4584F42C1F4A47400025CFDD /* ApiEnvironment.swift in Sources */,
				4584F41B1F49DD640025CFDD /* Movie.swift in Sources */,
				4584F41D1F49DD6B0025CFDD /* Actor.swift in Sources */,
				45BE53A61F4C2115007E40D3 /* AlamofireMovieService.swift in Sources */,
				4584F4281F4A42DD0025CFDD /* ApiMovie.swift in Sources */,
				4584F4331F4A4E400025CFDD /* NonPersistentApiContext.swift in Sources */,
			);
			runOnlyForDeploymentPostprocessing = 0;
		};
/* End PBXSourcesBuildPhase section */

/* Begin PBXVariantGroup section */
		4584F4091F49DB550025CFDD /* Main.storyboard */ = {
			isa = PBXVariantGroup;
			children = (
				4584F40A1F49DB550025CFDD /* Base */,
			);
			name = Main.storyboard;
			sourceTree = "<group>";
		};
		4584F40E1F49DB550025CFDD /* LaunchScreen.storyboard */ = {
			isa = PBXVariantGroup;
			children = (
				4584F40F1F49DB550025CFDD /* Base */,
			);
			name = LaunchScreen.storyboard;
			sourceTree = "<group>";
		};
/* End PBXVariantGroup section */

/* Begin XCBuildConfiguration section */
		4584F4121F49DB550025CFDD /* Debug */ = {
			isa = XCBuildConfiguration;
			buildSettings = {
				ALWAYS_SEARCH_USER_PATHS = NO;
				CLANG_ANALYZER_NONNULL = YES;
				CLANG_ANALYZER_NUMBER_OBJECT_CONVERSION = YES_AGGRESSIVE;
				CLANG_CXX_LANGUAGE_STANDARD = "gnu++0x";
				CLANG_CXX_LIBRARY = "libc++";
				CLANG_ENABLE_MODULES = YES;
				CLANG_ENABLE_OBJC_ARC = YES;
				CLANG_WARN_BOOL_CONVERSION = YES;
				CLANG_WARN_CONSTANT_CONVERSION = YES;
				CLANG_WARN_DIRECT_OBJC_ISA_USAGE = YES_ERROR;
				CLANG_WARN_DOCUMENTATION_COMMENTS = YES;
				CLANG_WARN_EMPTY_BODY = YES;
				CLANG_WARN_ENUM_CONVERSION = YES;
				CLANG_WARN_INFINITE_RECURSION = YES;
				CLANG_WARN_INT_CONVERSION = YES;
				CLANG_WARN_OBJC_ROOT_CLASS = YES_ERROR;
				CLANG_WARN_SUSPICIOUS_MOVE = YES;
				CLANG_WARN_UNREACHABLE_CODE = YES;
				CLANG_WARN__DUPLICATE_METHOD_MATCH = YES;
				"CODE_SIGN_IDENTITY[sdk=iphoneos*]" = "iPhone Developer";
				COPY_PHASE_STRIP = NO;
				DEBUG_INFORMATION_FORMAT = dwarf;
				ENABLE_STRICT_OBJC_MSGSEND = YES;
				ENABLE_TESTABILITY = YES;
				GCC_C_LANGUAGE_STANDARD = gnu99;
				GCC_DYNAMIC_NO_PIC = NO;
				GCC_NO_COMMON_BLOCKS = YES;
				GCC_OPTIMIZATION_LEVEL = 0;
				GCC_PREPROCESSOR_DEFINITIONS = (
					"DEBUG=1",
					"$(inherited)",
				);
				GCC_WARN_64_TO_32_BIT_CONVERSION = YES;
				GCC_WARN_ABOUT_RETURN_TYPE = YES_ERROR;
				GCC_WARN_UNDECLARED_SELECTOR = YES;
				GCC_WARN_UNINITIALIZED_AUTOS = YES_AGGRESSIVE;
				GCC_WARN_UNUSED_FUNCTION = YES;
				GCC_WARN_UNUSED_VARIABLE = YES;
				IPHONEOS_DEPLOYMENT_TARGET = 10.3;
				MTL_ENABLE_DEBUG_INFO = YES;
				ONLY_ACTIVE_ARCH = YES;
				SDKROOT = iphoneos;
				SWIFT_ACTIVE_COMPILATION_CONDITIONS = DEBUG;
				SWIFT_OPTIMIZATION_LEVEL = "-Onone";
				TARGETED_DEVICE_FAMILY = "1,2";
			};
			name = Debug;
		};
		4584F4131F49DB550025CFDD /* Release */ = {
			isa = XCBuildConfiguration;
			buildSettings = {
				ALWAYS_SEARCH_USER_PATHS = NO;
				CLANG_ANALYZER_NONNULL = YES;
				CLANG_ANALYZER_NUMBER_OBJECT_CONVERSION = YES_AGGRESSIVE;
				CLANG_CXX_LANGUAGE_STANDARD = "gnu++0x";
				CLANG_CXX_LIBRARY = "libc++";
				CLANG_ENABLE_MODULES = YES;
				CLANG_ENABLE_OBJC_ARC = YES;
				CLANG_WARN_BOOL_CONVERSION = YES;
				CLANG_WARN_CONSTANT_CONVERSION = YES;
				CLANG_WARN_DIRECT_OBJC_ISA_USAGE = YES_ERROR;
				CLANG_WARN_DOCUMENTATION_COMMENTS = YES;
				CLANG_WARN_EMPTY_BODY = YES;
				CLANG_WARN_ENUM_CONVERSION = YES;
				CLANG_WARN_INFINITE_RECURSION = YES;
				CLANG_WARN_INT_CONVERSION = YES;
				CLANG_WARN_OBJC_ROOT_CLASS = YES_ERROR;
				CLANG_WARN_SUSPICIOUS_MOVE = YES;
				CLANG_WARN_UNREACHABLE_CODE = YES;
				CLANG_WARN__DUPLICATE_METHOD_MATCH = YES;
				"CODE_SIGN_IDENTITY[sdk=iphoneos*]" = "iPhone Developer";
				COPY_PHASE_STRIP = NO;
				DEBUG_INFORMATION_FORMAT = "dwarf-with-dsym";
				ENABLE_NS_ASSERTIONS = NO;
				ENABLE_STRICT_OBJC_MSGSEND = YES;
				GCC_C_LANGUAGE_STANDARD = gnu99;
				GCC_NO_COMMON_BLOCKS = YES;
				GCC_WARN_64_TO_32_BIT_CONVERSION = YES;
				GCC_WARN_ABOUT_RETURN_TYPE = YES_ERROR;
				GCC_WARN_UNDECLARED_SELECTOR = YES;
				GCC_WARN_UNINITIALIZED_AUTOS = YES_AGGRESSIVE;
				GCC_WARN_UNUSED_FUNCTION = YES;
				GCC_WARN_UNUSED_VARIABLE = YES;
				IPHONEOS_DEPLOYMENT_TARGET = 10.3;
				MTL_ENABLE_DEBUG_INFO = NO;
				SDKROOT = iphoneos;
				SWIFT_OPTIMIZATION_LEVEL = "-Owholemodule";
				TARGETED_DEVICE_FAMILY = "1,2";
				VALIDATE_PRODUCT = YES;
			};
			name = Release;
		};
		4584F4151F49DB550025CFDD /* Debug */ = {
			isa = XCBuildConfiguration;
			baseConfigurationReference = 51EF595D5BB65F11C3D871A7 /* Pods-DemoApplication.debug.xcconfig */;
			buildSettings = {
				ASSETCATALOG_COMPILER_APPICON_NAME = AppIcon;
				DEVELOPMENT_TEAM = "";
				INFOPLIST_FILE = DemoApplication/Info.plist;
				LD_RUNPATH_SEARCH_PATHS = "$(inherited) @executable_path/Frameworks";
				PRODUCT_BUNDLE_IDENTIFIER = com.danielsaidi.AlamofireRealmDemo;
				PRODUCT_NAME = "$(TARGET_NAME)";
				PROVISIONING_PROFILE_SPECIFIER = "";
				SWIFT_VERSION = 3.0;
			};
			name = Debug;
		};
		4584F4161F49DB550025CFDD /* Release */ = {
			isa = XCBuildConfiguration;
			baseConfigurationReference = E0F2D478E61277B095511B24 /* Pods-DemoApplication.release.xcconfig */;
			buildSettings = {
				ASSETCATALOG_COMPILER_APPICON_NAME = AppIcon;
				DEVELOPMENT_TEAM = "";
				INFOPLIST_FILE = DemoApplication/Info.plist;
				LD_RUNPATH_SEARCH_PATHS = "$(inherited) @executable_path/Frameworks";
				PRODUCT_BUNDLE_IDENTIFIER = com.danielsaidi.AlamofireRealmDemo;
				PRODUCT_NAME = "$(TARGET_NAME)";
				PROVISIONING_PROFILE_SPECIFIER = "";
				SWIFT_VERSION = 3.0;
			};
			name = Release;
		};
/* End XCBuildConfiguration section */

/* Begin XCConfigurationList section */
		4584F3FD1F49DB550025CFDD /* Build configuration list for PBXProject "DemoApplication" */ = {
			isa = XCConfigurationList;
			buildConfigurations = (
				4584F4121F49DB550025CFDD /* Debug */,
				4584F4131F49DB550025CFDD /* Release */,
			);
			defaultConfigurationIsVisible = 0;
			defaultConfigurationName = Release;
		};
		4584F4141F49DB550025CFDD /* Build configuration list for PBXNativeTarget "DemoApplication" */ = {
			isa = XCConfigurationList;
			buildConfigurations = (
				4584F4151F49DB550025CFDD /* Debug */,
				4584F4161F49DB550025CFDD /* Release */,
			);
			defaultConfigurationIsVisible = 0;
			defaultConfigurationName = Release;
		};
/* End XCConfigurationList section */
	};
	rootObject = 4584F3FA1F49DB550025CFDD /* Project object */;
}
